# This file was autogenerated by Stack.
# You should not edit this file by hand.
# For more information, please see the documentation at:
#   https://docs.haskellstack.org/en/stable/lock_files

packages:
- completed:
    hackage: slick-1.2.1.0@sha256:d93072d73598db6158a537a6498c842af20bca700bc2093e8aca61e09173e105,1312
    pantry-tree:
      sha256: 4da4f6cab3fbb387cd07c30f2d49c530e1c65ad9899f8383883d53d8948a19c1
      size: 602
  original:
    hackage: slick-1.2.1.0
snapshots:
- completed:
    sha256: 1d663bec402f77fa09fa3e8cf288c3c7eb18a1f28a5e0c331ac47adeacd21346
    size: 640034
    url: https://raw.githubusercontent.com/commercialhaskell/stackage-snapshots/master/lts/21/16.yaml
  original: lts-21.16
